
Microsoft Visual Studio Solution File, Format Version 12.00
# Visual Studio Version 17
VisualStudioVersion = 17.10.34916.146
MinimumVisualStudioVersion = 10.0.40219.1
Project("{FAE04EC0-301F-11D3-BF4B-00C04F79EFBC}") = "PR-7.1", "PR-7.1.csproj", "{B6FAEB33-B5BF-472E-963F-D24B53C67BF2}"
EndProject
Global
	GlobalSection(SolutionConfigurationPlatforms) = preSolution
		Debug|Any CPU = Debug|Any CPU
		Release|Any CPU = Release|Any CPU
	EndGlobalSection
	GlobalSection(ProjectConfigurationPlatforms) = postSolution
		{B6FAEB33-B5BF-472E-963F-D24B53C67BF2}.Debug|Any CPU.ActiveCfg = Debug|Any CPU
		{B6FAEB33-B5BF-472E-963F-D24B53C67BF2}.Debug|Any CPU.Build.0 = Debug|Any CPU
		{B6FAEB33-B5BF-472E-963F-D24B53C67BF2}.Release|Any CPU.ActiveCfg = Release|Any CPU
		{B6FAEB33-B5BF-472E-963F-D24B53C67BF2}.Release|Any CPU.Build.0 = Release|Any CPU
	EndGlobalSection
	GlobalSection(SolutionProperties) = preSolution
		HideSolutionNode = FALSE
	EndGlobalSection
	GlobalSection(ExtensibilityGlobals) = postSolution
		SolutionGuid = {86C921D9-B930-42FC-B8DC-C81369ABB107}
	EndGlobalSection
EndGlobal
